
Microsoft Visual Studio Solution File, Format Version 12.00
# Visual Studio Version 17
VisualStudioVersion = 17.8.34330.188
MinimumVisualStudioVersion = 10.0.40219.1
Project("{FAE04EC0-301F-11D3-BF4B-00C04F79EFBC}") = "pract-9", "pract-9\pract-9.csproj", "{F85F26A5-A2D7-4D90-8382-C4AAE86AD2AA}"
EndProject
Global
	GlobalSection(SolutionConfigurationPlatforms) = preSolution
		Debug|Any CPU = Debug|Any CPU
		Release|Any CPU = Release|Any CPU
	EndGlobalSection
	GlobalSection(ProjectConfigurationPlatforms) = postSolution
		{F85F26A5-A2D7-4D90-8382-C4AAE86AD2AA}.Debug|Any CPU.ActiveCfg = Debug|Any CPU
		{F85F26A5-A2D7-4D90-8382-C4AAE86AD2AA}.Debug|Any CPU.Build.0 = Debug|Any CPU
		{F85F26A5-A2D7-4D90-8382-C4AAE86AD2AA}.Release|Any CPU.ActiveCfg = Release|Any CPU
		{F85F26A5-A2D7-4D90-8382-C4AAE86AD2AA}.Release|Any CPU.Build.0 = Release|Any CPU
	EndGlobalSection
	GlobalSection(SolutionProperties) = preSolution
		HideSolutionNode = FALSE
	EndGlobalSection
	GlobalSection(ExtensibilityGlobals) = postSolution
		SolutionGuid = {F09F52C5-4832-4EA0-9A5C-9557D663DA96}
	EndGlobalSection
EndGlobal
